# generated by rye
# use `rye lock` or `rye sync` to update this lockfile
#
# last locked with the following flags:
#   pre: false
#   features: []
#   all-features: true
#   with-sources: false
#   generate-hashes: false
#   universal: false

-e file:.
absl-py==2.1.0
    # via tensorboard
aiocache==0.12.2
    # via goob-ai
aioconsole==0.7.1
    # via aiomonitor
aiodebug==2.3.0
    # via goob-ai
aiodns==3.2.0
    # via goob-ai
aiofile==3.8.8
    # via goob-ai
aiofiles==24.1.0
    # via aiopytesseract
    # via goob-ai
aiohappyeyeballs==2.3.4
    # via aiohttp
aiohttp==3.10.0
    # via aiomonitor
    # via datasets
    # via discord-py
    # via fsspec
    # via goob-ai
    # via langchain
    # via langchain-community
    # via pytest-aiohttp
aiomonitor==0.7.0
    # via goob-ai
aioprometheus==23.12.0
    # via goob-ai
aiopytesseract==0.14.0
    # via goob-ai
aiosignal==1.3.1
    # via aiohttp
aiosql==10.2
    # via goob-ai
aiosqlite==0.20.0
    # via goob-ai
altair==5.3.0
    # via streamlit
annotated-types==0.7.0
    # via pydantic
anthropic==0.32.0
    # via langchain-anthropic
anyio==4.4.0
    # via anthropic
    # via asyncer
    # via groq
    # via httpx
    # via jupyter-server
    # via openai
    # via sse-starlette
    # via starlette
    # via watchfiles
application-properties==0.8.2
    # via pymarkdownlnt
appnope==0.1.4
    # via ipykernel
argcomplete==3.4.0
    # via commitizen
argon2-cffi==23.1.0
    # via jupyter-server
argon2-cffi-bindings==21.2.0
    # via argon2-cffi
arrow==1.3.0
    # via isoduration
asgiref==3.8.1
    # via opentelemetry-instrumentation-asgi
astroid==3.2.4
    # via pylint
asttokens==2.4.1
    # via stack-data
async-lru==2.0.4
    # via jupyterlab
async-timeout==4.0.3
    # via aiohttp
    # via langchain
    # via redis
asyncer==0.0.7
    # via goob-ai
attrs==23.2.0
    # via aiohttp
    # via aiomonitor
    # via aiopytesseract
    # via cattrs
    # via cz-conventional-gitmoji
    # via goob-ai
    # via jsonschema
    # via referencing
    # via requests-cache
autopep8==2.3.1
    # via nbqa
babel==2.15.0
    # via goob-ai
    # via jupyterlab-server
    # via mkdocs-material
backoff==2.2.1
    # via posthog
backports-strenum==1.3.1
    # via aiomonitor
    # via griffe
bcrypt==4.2.0
    # via chromadb
    # via passlib
beautifulsoup4==4.12.3
    # via bs4
    # via goob-ai
    # via google
    # via mkdocs-mermaid2-plugin
    # via mkdocs-with-pdf
    # via nbconvert
    # via wikipedia
    # via yfinance
better-exceptions==0.3.3
    # via goob-ai
black==24.4.2
bleach==6.1.0
    # via nbconvert
blessed==1.20.0
    # via curtsies
blinker==1.8.2
    # via streamlit
boto3==1.34.151
    # via goob-ai
    # via mypy-boto3
boto3-stubs==1.34.151
botocore==1.34.151
    # via boto3
    # via s3transfer
botocore-stubs==1.34.151
    # via boto3-stubs
bpython==0.24
bracex==2.4
    # via wcmatch
brotli==1.1.0
    # via fonttools
bs4==0.0.2
    # via pyinspect
    # via pypi-command-line
build==1.2.1
    # via chromadb
bump-pydantic==0.8.0
    # via goob-ai
cachetools==5.4.0
    # via google-auth
    # via streamlit
caio==0.9.17
    # via aiofile
cattrs==23.2.3
    # via aiopytesseract
    # via requests-cache
certifi==2024.7.4
    # via httpcore
    # via httpx
    # via kubernetes
    # via pinecone-client
    # via requests
    # via sentry-sdk
cffi==1.16.0
    # via argon2-cffi-bindings
    # via cryptography
    # via pycares
    # via weasyprint
cfgv==3.4.0
    # via pre-commit
chardet==5.2.0
    # via goob-ai
    # via mbstrdecoder
charset-normalizer==3.3.2
    # via commitizen
    # via docformatter
    # via requests
chroma-hnswlib==0.7.3
    # via chromadb
chromadb==0.5.3
    # via goob-ai
    # via langchain-chroma
click==8.1.7
    # via aiomonitor
    # via black
    # via dask
    # via duckduckgo-search
    # via goob-ai
    # via maison
    # via mkdocs
    # via mkdocstrings
    # via pyinspect
    # via rich-click
    # via scenedetect
    # via streamlit
    # via towncrier
    # via typer
    # via uvicorn
    # via wandb
    # via yamlfix
click-spinner==0.1.10
    # via goob-ai
cloudpickle==3.0.0
    # via dask
codetiming==1.4.0
    # via goob-ai
colorama==0.4.6
    # via commitizen
    # via griffe
    # via mkdocs-material
coloredlogs==15.0.1
    # via onnxruntime
columnar==1.4.1
    # via pymarkdownlnt
comm==0.2.2
    # via ipykernel
    # via ipywidgets
commitizen==3.28.0
    # via cz-conventional-gitmoji
contourpy==1.2.1
    # via matplotlib
coverage==7.6.0
    # via pytest-cov
cryptography==43.0.0
    # via types-pyopenssl
    # via types-redis
cssselect2==0.7.0
    # via weasyprint
curtsies==0.4.2
    # via bpython
cwcwidth==0.1.9
    # via bpython
    # via curtsies
cycler==0.12.1
    # via matplotlib
cz-conventional-gitmoji==0.3.2
dask==2024.7.1
    # via goob-ai
dataclasses-json==0.6.7
    # via langchain-community
dataproperty==1.0.1
    # via pytablewriter
    # via tabledata
datasets==2.20.0
    # via simpletransformers
debugpy==1.8.2
    # via ipykernel
decli==0.6.2
    # via commitizen
decorator==5.1.1
    # via ipython
defusedxml==0.7.1
    # via langchain-anthropic
    # via nbconvert
deprecated==1.2.14
    # via opentelemetry-api
    # via opentelemetry-exporter-otlp-proto-grpc
    # via opentelemetry-semantic-conventions
dill==0.3.8
    # via datasets
    # via multiprocess
    # via pylint
discord-py==2.4.0
    # via dpytest
    # via goob-ai
distlib==0.3.8
    # via virtualenv
distro==1.9.0
    # via anthropic
    # via groq
    # via openai
    # via ruyaml
dnspython==2.6.1
    # via email-validator
    # via pymongo
docformatter==1.7.5
docker-pycreds==0.4.0
    # via wandb
docopt==0.6.2
    # via md2pdf
docutils==0.21.2
    # via goob-ai
    # via rich-rst
dominate==2.9.1
    # via pytablewriter
dpytest==0.7.0
duckduckgo-search==6.2.5
    # via goob-ai
durabledict==0.9.4
    # via gutter
editorconfig==0.12.4
    # via jsbeautifier
email-validator==2.2.0
    # via fastapi
    # via pydantic
exceptiongroup==1.2.2
    # via anyio
    # via cattrs
    # via ipython
    # via pytest
executing==2.0.1
    # via stack-data
factory-boy==3.3.0
    # via goob-ai
faker==26.0.0
    # via factory-boy
    # via goob-ai
fastapi==0.111.1
    # via chromadb
    # via goob-ai
    # via langchain-chroma
    # via langserve
    # via sse-starlette
fastapi-cli==0.0.4
    # via fastapi
fastjsonschema==2.20.0
    # via nbformat
    # via validate-pyproject
filelock==3.15.4
    # via datasets
    # via huggingface-hub
    # via torch
    # via transformers
    # via virtualenv
flake8==7.1.0
flatbuffers==24.3.25
    # via onnxruntime
fonttools==4.53.1
    # via goob-ai
    # via matplotlib
    # via weasyprint
fqdn==1.5.1
    # via jsonschema
frozendict==2.4.4
    # via yfinance
frozenlist==1.4.1
    # via aiohttp
    # via aiosignal
fsspec==2024.5.0
    # via dask
    # via datasets
    # via huggingface-hub
gallery-dl==1.27.1
    # via goob-ai
geojson==2.5.0
    # via pyowm
ghp-import==2.1.0
    # via mkdocs
gitdb==4.0.11
    # via gitpython
gitpython==3.1.43
    # via streamlit
    # via wandb
google==3.0.0
    # via pyinspect
google-ai-generativelanguage==0.6.6
    # via google-generativeai
google-api-core==2.19.1
    # via google-ai-generativelanguage
    # via google-api-python-client
    # via google-generativeai
google-api-python-client==2.139.0
    # via google-generativeai
google-auth==2.32.0
    # via goob-ai
    # via google-ai-generativelanguage
    # via google-api-core
    # via google-api-python-client
    # via google-auth-httplib2
    # via google-auth-oauthlib
    # via google-generativeai
    # via kubernetes
google-auth-httplib2==0.2.0
    # via google-api-python-client
google-auth-oauthlib==1.2.1
    # via goob-ai
google-generativeai==0.7.2
    # via langchain-google-genai
googleapis-common-protos==1.63.2
    # via google-api-core
    # via grpcio-status
    # via opentelemetry-exporter-otlp-proto-grpc
    # via pinecone-client
    # via protoc-gen-openapiv2
greenlet==3.0.3
    # via bpython
griffe==0.48.0
    # via mkdocstrings-python
groq==0.9.0
    # via langchain-groq
grpc-stubs==1.53.0.5
grpcio==1.65.2
    # via chromadb
    # via google-api-core
    # via grpc-stubs
    # via grpcio-status
    # via opentelemetry-exporter-otlp-proto-grpc
    # via pinecone-client
    # via tensorboard
grpcio-status==1.62.2
    # via google-api-core
gutter==0.5.0
    # via goob-ai
h11==0.14.0
    # via httpcore
    # via uvicorn
h2==4.1.0
    # via httpx
hpack==4.0.0
    # via h2
html5lib==1.1
    # via weasyprint
    # via yfinance
httpcore==1.0.5
    # via httpx
httplib2==0.22.0
    # via google-api-python-client
    # via google-auth-httplib2
httptools==0.6.1
    # via uvicorn
httpx==0.27.0
    # via anthropic
    # via chromadb
    # via fastapi
    # via goob-ai
    # via groq
    # via jupyterlab
    # via langserve
    # via openai
    # via pytest-httpx
huggingface-hub==0.24.5
    # via datasets
    # via goob-ai
    # via sentence-transformers
    # via timm
    # via tokenizers
    # via transformers
humanfriendly==10.0
    # via coloredlogs
humanize==4.10.0
    # via pypi-command-line
hunter==3.7.0
hyperframe==6.0.1
    # via h2
identify==2.6.0
    # via pre-commit
idna==3.7
    # via anyio
    # via email-validator
    # via httpx
    # via jsonschema
    # via requests
    # via yarl
imageio==2.34.2
    # via goob-ai
importlib-metadata==8.0.0
    # via dask
    # via opentelemetry-api
importlib-resources==6.4.0
    # via chromadb
imutils==0.5.4
    # via goob-ai
iniconfig==2.0.0
    # via pytest
invoke==2.2.0
    # via goob-ai
ipykernel==6.29.5
    # via goob-ai
    # via jupyterlab
    # via mkdocs-jupyter
ipython==8.18.0
    # via ipykernel
    # via ipywidgets
    # via nbqa
ipywidgets==8.1.3
    # via goob-ai
isoduration==20.11.0
    # via jsonschema
isort==5.13.2
    # via pylint
janus==1.0.0
    # via aiomonitor
jedi==0.19.1
    # via ipython
jinja2==3.1.4
    # via aiomonitor
    # via altair
    # via commitizen
    # via fastapi
    # via jupyter-server
    # via jupyterlab
    # via jupyterlab-server
    # via mkdocs
    # via mkdocs-material
    # via mkdocstrings
    # via nbconvert
    # via pydeck
    # via torch
    # via towncrier
jiter==0.5.0
    # via anthropic
jmespath==1.0.1
    # via boto3
    # via botocore
joblib==1.4.2
    # via scikit-learn
jsbeautifier==1.15.1
    # via mkdocs-mermaid2-plugin
json5==0.9.25
    # via jupyterlab-server
jsonpatch==1.33
    # via langchain-core
jsonpickle==3.2.2
    # via gutter
jsonpointer==3.0.0
    # via jsonpatch
    # via jsonschema
jsonschema==4.22.0
    # via altair
    # via jupyter-events
    # via jupyterlab-server
    # via nbformat
    # via pyproject-toml
jsonschema-specifications==2023.12.1
    # via jsonschema
jupyter-client==8.6.2
    # via ipykernel
    # via jupyter-server
    # via nbclient
jupyter-core==5.7.2
    # via ipykernel
    # via jupyter-client
    # via jupyter-server
    # via jupyterlab
    # via nbclient
    # via nbconvert
    # via nbformat
jupyter-events==0.10.0
    # via jupyter-server
jupyter-lsp==2.2.5
    # via jupyterlab
jupyter-server==2.14.2
    # via jupyter-lsp
    # via jupyterlab
    # via jupyterlab-server
    # via notebook
    # via notebook-shim
jupyter-server-terminals==0.5.3
    # via jupyter-server
jupyterlab==4.2.4
    # via notebook
jupyterlab-pygments==0.3.0
    # via nbconvert
jupyterlab-server==2.27.3
    # via jupyterlab
    # via notebook
jupyterlab-widgets==3.0.11
    # via ipywidgets
jupytext==1.16.4
    # via mkdocs-jupyter
kiwisolver==1.4.5
    # via matplotlib
kubernetes==30.1.0
    # via chromadb
langchain==0.2.11
    # via goob-ai
    # via langchain-community
langchain-anthropic==0.1.22
    # via goob-ai
langchain-chroma==0.1.2
    # via goob-ai
langchain-community==0.2.10
    # via goob-ai
langchain-core==0.2.26
    # via goob-ai
    # via langchain
    # via langchain-anthropic
    # via langchain-chroma
    # via langchain-community
    # via langchain-google-genai
    # via langchain-groq
    # via langchain-openai
    # via langchain-text-splitters
    # via langgraph
    # via langserve
langchain-google-genai==1.0.8
    # via goob-ai
langchain-groq==0.1.9
    # via goob-ai
langchain-openai==0.1.19
    # via goob-ai
langchain-text-splitters==0.2.2
    # via langchain
langchainhub==0.1.20
    # via goob-ai
langgraph==0.1.18
    # via goob-ai
langserve==0.2.2
    # via goob-ai
langsmith==0.1.95
    # via langchain
    # via langchain-community
    # via langchain-core
lazy-object-proxy==1.10.0
    # via goob-ai
levenshtein==0.25.1
    # via python-levenshtein
libcst==1.4.0
    # via bump-pydantic
    # via monkeytype
libsass==0.23.0
    # via mkdocs-with-pdf
linkify-it-py==2.0.3
    # via markdown-it-py
locket==1.0.0
    # via partd
logging-tree==1.10
    # via goob-ai
loguru==0.7.2
    # via goob-ai
lxml==5.2.2
    # via goob-ai
    # via pypi-command-line
    # via python-docx
    # via yfinance
lz4==4.3.3
    # via pinecone-client
maison==1.4.3
    # via yamlfix
manhole==1.8.1
    # via hunter
markdown==3.6
    # via goob-ai
    # via mdx-gh-links
    # via mkdocs
    # via mkdocs-autorefs
    # via mkdocs-material
    # via mkdocstrings
    # via pymdown-extensions
    # via tensorboard
markdown-it-py==3.0.0
    # via jupytext
    # via mdformat
    # via mdformat-gfm
    # via mdit-py-plugins
    # via rich
markdown2==2.5.0
    # via md2pdf
markupsafe==2.1.5
    # via jinja2
    # via mkdocs
    # via mkdocs-autorefs
    # via mkdocstrings
    # via nbconvert
    # via werkzeug
marshmallow==3.21.3
    # via dataclasses-json
matplotlib==3.9.1
    # via goob-ai
matplotlib-inline==0.1.7
    # via ipykernel
    # via ipython
mbstrdecoder==1.1.3
    # via dataproperty
    # via pytablewriter
    # via typepy
mccabe==0.7.0
    # via flake8
    # via pylint
md2pdf==1.0.1
    # via goob-ai
mdformat==0.7.17
    # via mdformat-admon
    # via mdformat-config
    # via mdformat-footnote
    # via mdformat-frontmatter
    # via mdformat-gfm
    # via mdformat-mkdocs
    # via mdformat-pyproject
    # via mdformat-tables
mdformat-admon==2.0.6
    # via mdformat-mkdocs
mdformat-config==0.1.3
mdformat-footnote==0.1.1
mdformat-frontmatter==2.0.8
mdformat-gfm==0.3.6
    # via mdformat-mkdocs
mdformat-mkdocs==3.0.0
mdformat-pyproject==0.0.1
mdformat-tables==0.4.1
    # via mdformat-gfm
mdit-py-plugins==0.4.1
    # via jupytext
    # via mdformat-admon
    # via mdformat-footnote
    # via mdformat-frontmatter
    # via mdformat-gfm
    # via mdformat-mkdocs
mdurl==0.1.2
    # via markdown-it-py
mdx-gh-links==0.4
memory-profiler==0.61.0
    # via goob-ai
mergedeep==1.3.4
    # via mkdocs
    # via mkdocs-get-deps
mistune==3.0.2
    # via nbconvert
mkdocs==1.6.0
    # via mkdocs-autorefs
    # via mkdocs-include-markdown-plugin
    # via mkdocs-jupyter
    # via mkdocs-material
    # via mkdocs-mermaid2-plugin
    # via mkdocs-redirects
    # via mkdocs-simple-hooks
    # via mkdocs-with-pdf
    # via mkdocstrings
mkdocs-autorefs==1.0.1
    # via mkdocstrings
mkdocs-get-deps==0.2.0
    # via mkdocs
mkdocs-include-markdown-plugin==6.2.1
mkdocs-jupyter==0.24.8
mkdocs-material==9.5.30
    # via mkdocs-jupyter
mkdocs-material-extensions==1.3.1
    # via mkdocs-material
mkdocs-mermaid2-plugin==1.1.1
mkdocs-redirects==1.2.1
mkdocs-simple-hooks==0.1.5
mkdocs-version-annotations==1.0.0
mkdocs-with-pdf==0.9.3
mkdocstrings==0.25.2
    # via mkdocstrings-python
mkdocstrings-python==1.10.7
    # via mkdocstrings
mmh3==4.1.0
    # via chromadb
monkeytype==23.3.0
monotonic==1.6
    # via posthog
more-itertools==10.3.0
    # via mdformat-mkdocs
motor==3.5.1
    # via goob-ai
mpmath==1.3.0
    # via sympy
multidict==6.0.5
    # via aiohttp
    # via yarl
multiprocess==0.70.16
    # via datasets
    # via goob-ai
multitasking==0.0.11
    # via yfinance
mutagen==1.47.0
    # via goob-ai
mypy==1.11.1
mypy-boto3==1.34.151
mypy-boto3-cloudformation==1.34.111
    # via boto3-stubs
mypy-boto3-dynamodb==1.34.148
    # via boto3-stubs
mypy-boto3-ec2==1.34.149
    # via boto3-stubs
mypy-boto3-lambda==1.34.77
    # via boto3-stubs
mypy-boto3-rds==1.34.145
    # via boto3-stubs
mypy-boto3-s3==1.34.138
    # via boto3-stubs
mypy-boto3-sqs==1.34.121
    # via boto3-stubs
mypy-extensions==1.0.0
    # via black
    # via monkeytype
    # via mypy
    # via typing-inspect
nbclient==0.10.0
    # via nbconvert
nbconvert==7.16.4
    # via goob-ai
    # via jupyter-server
    # via mkdocs-jupyter
nbformat==5.10.4
    # via jupyter-server
    # via jupytext
    # via nbclient
    # via nbconvert
nbqa==1.8.5
    # via goob-ai
nest-asyncio==1.6.0
    # via ipykernel
networkx==3.3
    # via torch
nodeenv==1.9.1
    # via pre-commit
    # via pyright
notebook==7.2.1
    # via goob-ai
notebook-shim==0.2.4
    # via jupyterlab
    # via notebook
numpy==1.26.4
    # via altair
    # via chroma-hnswlib
    # via chromadb
    # via contourpy
    # via datasets
    # via goob-ai
    # via imageio
    # via langchain
    # via langchain-chroma
    # via langchain-community
    # via matplotlib
    # via onnxruntime
    # via opencv-python
    # via pandas
    # via pandas-stubs
    # via pyarrow
    # via pydeck
    # via pyinspect
    # via rapidocr-onnxruntime
    # via scenedetect
    # via scikit-learn
    # via scipy
    # via sentence-transformers
    # via seqeval
    # via shapely
    # via simpletransformers
    # via streamlit
    # via tensorboard
    # via tensorboardx
    # via torchvision
    # via transformers
    # via yfinance
oauthlib==3.2.2
    # via kubernetes
    # via requests-oauthlib
onnxruntime==1.18.1
    # via chromadb
    # via rapidocr-onnxruntime
openai==1.37.1
    # via goob-ai
    # via langchain-openai
opencv-python==4.10.0.84
    # via rapidocr-onnxruntime
    # via scenedetect
opentelemetry-api==1.26.0
    # via chromadb
    # via opentelemetry-exporter-otlp-proto-grpc
    # via opentelemetry-instrumentation
    # via opentelemetry-instrumentation-asgi
    # via opentelemetry-instrumentation-fastapi
    # via opentelemetry-sdk
    # via opentelemetry-semantic-conventions
opentelemetry-exporter-otlp-proto-common==1.26.0
    # via opentelemetry-exporter-otlp-proto-grpc
opentelemetry-exporter-otlp-proto-grpc==1.26.0
    # via chromadb
opentelemetry-instrumentation==0.47b0
    # via opentelemetry-instrumentation-asgi
    # via opentelemetry-instrumentation-fastapi
opentelemetry-instrumentation-asgi==0.47b0
    # via opentelemetry-instrumentation-fastapi
opentelemetry-instrumentation-fastapi==0.47b0
    # via chromadb
opentelemetry-proto==1.26.0
    # via opentelemetry-exporter-otlp-proto-common
    # via opentelemetry-exporter-otlp-proto-grpc
opentelemetry-sdk==1.26.0
    # via chromadb
    # via opentelemetry-exporter-otlp-proto-grpc
opentelemetry-semantic-conventions==0.47b0
    # via opentelemetry-instrumentation-asgi
    # via opentelemetry-instrumentation-fastapi
    # via opentelemetry-sdk
opentelemetry-util-http==0.47b0
    # via opentelemetry-instrumentation-asgi
    # via opentelemetry-instrumentation-fastapi
orjson==3.10.6
    # via aioprometheus
    # via chromadb
    # via langserve
    # via langsmith
overrides==7.7.0
    # via chromadb
    # via jupyter-server
packaging==24.1
    # via altair
    # via black
    # via build
    # via commitizen
    # via dask
    # via datasets
    # via huggingface-hub
    # via ipykernel
    # via jupyter-server
    # via jupyterlab
    # via jupyterlab-server
    # via jupytext
    # via langchain-core
    # via langchainhub
    # via marshmallow
    # via matplotlib
    # via mkdocs
    # via nbconvert
    # via onnxruntime
    # via pypi-command-line
    # via pytest
    # via pytest-sugar
    # via streamlit
    # via tensorboardx
    # via transformers
    # via typepy
    # via validate-pyproject
paginate==0.5.6
    # via mkdocs-material
pandas==2.2.2
    # via altair
    # via datasets
    # via goob-ai
    # via simpletransformers
    # via streamlit
    # via yfinance
pandas-stubs==2.2.2.240603
pandocfilters==1.5.1
    # via nbconvert
parso==0.8.4
    # via jedi
partd==1.4.2
    # via dask
passlib==1.7.4
    # via goob-ai
pathlib-mate==1.3.2
    # via goob-ai
pathspec==0.12.1
    # via black
    # via mkdocs
    # via yamllint
pathvalidate==3.2.0
    # via pytablewriter
peewee==3.17.6
    # via yfinance
pexpect==4.9.0
    # via ipython
pickledb==0.9.2
    # via goob-ai
pillow==10.4.0
    # via goob-ai
    # via imageio
    # via matplotlib
    # via rapidocr-onnxruntime
    # via sentence-transformers
    # via streamlit
    # via torchvision
    # via weasyprint
pinecone-client==5.0.0
    # via goob-ai
    # via pinecone-plugin-inference
pinecone-plugin-inference==1.0.2
    # via pinecone-client
pinecone-plugin-interface==0.0.7
    # via pinecone-client
    # via pinecone-plugin-inference
platformdirs==4.2.2
    # via black
    # via jupyter-core
    # via mkdocs-get-deps
    # via mkdocstrings
    # via pylint
    # via requests-cache
    # via scenedetect
    # via virtualenv
    # via wandb
    # via yfinance
pluggy==1.5.0
    # via pytest
posthog==3.5.0
    # via chromadb
pprintpp==0.4.0
    # via pytest-clarity
pre-commit==3.8.0
prettytable==3.10.2
    # via goob-ai
primp==0.5.5
    # via duckduckgo-search
prometheus-client==0.20.0
    # via goob-ai
    # via jupyter-server
prompt-toolkit==3.0.36
    # via aiomonitor
    # via ipython
    # via questionary
proto-plus==1.24.0
    # via google-ai-generativelanguage
    # via google-api-core
protobuf==4.25.4
    # via google-ai-generativelanguage
    # via google-api-core
    # via google-generativeai
    # via googleapis-common-protos
    # via grpcio-status
    # via onnxruntime
    # via opentelemetry-proto
    # via pinecone-client
    # via proto-plus
    # via protoc-gen-openapiv2
    # via streamlit
    # via tensorboard
    # via tensorboardx
    # via wandb
protoc-gen-openapiv2==0.0.1
    # via pinecone-client
psutil==6.0.0
    # via ipykernel
    # via memory-profiler
    # via wandb
ptyprocess==0.7.0
    # via pexpect
    # via terminado
pure-eval==0.2.3
    # via stack-data
pyarrow==17.0.0
    # via datasets
    # via streamlit
pyarrow-hotfix==0.6
    # via datasets
pyasn1==0.6.0
    # via pyasn1-modules
    # via rsa
pyasn1-modules==0.4.0
    # via google-auth
pycares==4.4.0
    # via aiodns
pyclipper==1.3.0.post5
    # via rapidocr-onnxruntime
pycodestyle==2.12.0
    # via autopep8
    # via flake8
pycparser==2.22
    # via cffi
pycryptodome==3.20.0
    # via goob-ai
pydantic==2.8.2
    # via anthropic
    # via chromadb
    # via fastapi
    # via goob-ai
    # via google-generativeai
    # via groq
    # via langchain
    # via langchain-core
    # via langserve
    # via langsmith
    # via maison
    # via openai
    # via pydantic-settings
pydantic-core==2.20.1
    # via pydantic
pydantic-settings==2.4.0
    # via goob-ai
pydeck==0.9.1
    # via streamlit
pydocstringformatter==0.7.3
pydocstyle==6.3.0
pydyf==0.11.0
    # via weasyprint
pyflakes==3.2.0
    # via flake8
pygments==2.18.0
    # via bpython
    # via goob-ai
    # via ipython
    # via mkdocs-jupyter
    # via mkdocs-material
    # via nbconvert
    # via rich
pyinspect==0.1.0
    # via goob-ai
pyinvoke==1.0.4
    # via goob-ai
pylint==3.2.6
pylint-per-file-ignores==1.3.2
pylint-to-ruff==0.3.0
pymarkdownlnt==0.9.21
pymdown-extensions==10.9
    # via mkdocs-material
    # via mkdocs-mermaid2-plugin
    # via mkdocstrings
pymongo==4.8.0
    # via motor
pymupdf==1.24.9
    # via goob-ai
pymupdfb==1.24.9
    # via pymupdf
pyowm==3.3.0
    # via goob-ai
pyparsing==3.1.2
    # via httplib2
    # via matplotlib
pypdf==4.3.1
    # via goob-ai
pypdf2==3.0.1
    # via goob-ai
pyphen==0.16.0
    # via weasyprint
pypi-command-line==1.7.1
    # via goob-ai
pypika==0.48.9
    # via chromadb
pyproject-hooks==1.1.0
    # via build
pyproject-toml==0.0.10
    # via langserve
pyright==1.1.374
pysocks==1.7.1
    # via pyowm
    # via requests
pytablewriter==1.2.0
    # via goob-ai
pytest==8.3.2
    # via dpytest
    # via pytest-aiohttp
    # via pytest-asyncio
    # via pytest-clarity
    # via pytest-cov
    # via pytest-httpx
    # via pytest-ignore-flaky
    # via pytest-mock
    # via pytest-retry
    # via pytest-skip-slow
    # via pytest-sugar
    # via pytest-vcr
pytest-aiohttp==1.0.5
pytest-asyncio==0.23.8
    # via dpytest
    # via pytest-aiohttp
pytest-clarity==1.0.1
pytest-cov==5.0.0
pytest-httpx==0.30.0
pytest-ignore-flaky==2.2.1
pytest-mock==3.14.0
pytest-retry==1.6.3
pytest-skip-slow==0.0.5
pytest-sugar==1.0.0
pytest-vcr==1.0.2
python-dateutil==2.9.0.post0
    # via arrow
    # via botocore
    # via faker
    # via ghp-import
    # via jupyter-client
    # via kubernetes
    # via matplotlib
    # via pandas
    # via posthog
    # via typepy
python-docx==1.1.2
    # via goob-ai
python-dotenv==1.0.1
    # via goob-ai
    # via pydantic-settings
    # via uvicorn
python-json-logger==2.0.7
    # via goob-ai
    # via jupyter-events
python-levenshtein==0.25.1
    # via goob-ai
python-multipart==0.0.9
    # via fastapi
python-slugify==8.0.4
    # via goob-ai
pytz==2024.1
    # via goob-ai
    # via pandas
    # via typepy
    # via yfinance
pyupgrade==3.17.0
pyxdg==0.28
    # via bpython
pyyaml==6.0.1
    # via application-properties
    # via chromadb
    # via commitizen
    # via dask
    # via datasets
    # via huggingface-hub
    # via jupyter-events
    # via jupytext
    # via kubernetes
    # via langchain
    # via langchain-community
    # via langchain-core
    # via libcst
    # via mkdocs
    # via mkdocs-get-deps
    # via pre-commit
    # via pymdown-extensions
    # via pyyaml-env-tag
    # via rapidocr-onnxruntime
    # via timm
    # via transformers
    # via uvicorn
    # via vcrpy
    # via wandb
    # via watchdog
    # via yamllint
pyyaml-env-tag==0.1
    # via mkdocs
pyzmq==26.0.3
    # via ipykernel
    # via jupyter-client
    # via jupyter-server
quantile-python==1.1
    # via aioprometheus
questionary==2.0.1
    # via commitizen
    # via pypi-command-line
rapidfuzz==3.9.5
    # via levenshtein
    # via pypi-command-line
    # via thefuzz
rapidocr-onnxruntime==1.3.24
    # via goob-ai
redis==5.0.8
    # via goob-ai
referencing==0.35.1
    # via jsonschema
    # via jsonschema-specifications
    # via jupyter-events
    # via types-jsonschema
regex==2024.7.24
    # via mkdocs-material
    # via simpletransformers
    # via tiktoken
    # via transformers
requests==2.32.3
    # via bpython
    # via chromadb
    # via datasets
    # via gallery-dl
    # via goob-ai
    # via google-api-core
    # via huggingface-hub
    # via jupyterlab-server
    # via kubernetes
    # via langchain
    # via langchain-community
    # via langchainhub
    # via langsmith
    # via mkdocs-material
    # via mkdocs-mermaid2-plugin
    # via posthog
    # via pyinspect
    # via pyowm
    # via pypi-command-line
    # via requests-cache
    # via requests-mock
    # via requests-oauthlib
    # via simpletransformers
    # via streamlit
    # via tiktoken
    # via torchvision
    # via transformers
    # via wandb
    # via wikipedia
    # via yfinance
    # via youtube-search
requests-cache==1.2.1
    # via pypi-command-line
requests-mock==1.12.1
requests-oauthlib==2.0.0
    # via google-auth-oauthlib
    # via kubernetes
rfc3339-validator==0.1.4
    # via jsonschema
    # via jupyter-events
rfc3986-validator==0.1.1
    # via jsonschema
    # via jupyter-events
rich==13.7.1
    # via bump-pydantic
    # via pyinspect
    # via pypi-command-line
    # via pytest-clarity
    # via rich-click
    # via rich-rst
    # via streamlit
    # via typer
rich-click==1.8.3
    # via pypi-command-line
rich-rst==1.3.1
    # via pypi-command-line
rpds-py==0.19.1
    # via jsonschema
    # via referencing
rsa==4.9
    # via google-auth
ruamel-yaml==0.18.6
    # via mdformat-config
    # via mdformat-frontmatter
ruamel-yaml-clib==0.2.8
    # via ruamel-yaml
ruff==0.5.5
ruyaml==0.91.0
    # via yamlfix
s3transfer==0.10.2
    # via boto3
safetensors==0.4.3
    # via timm
    # via transformers
scenedetect==0.6.4
    # via goob-ai
scikit-learn==1.5.1
    # via sentence-transformers
    # via seqeval
    # via simpletransformers
scipy==1.14.0
    # via scikit-learn
    # via sentence-transformers
    # via simpletransformers
send2trash==1.8.3
    # via jupyter-server
sentence-transformers==3.0.1
    # via goob-ai
sentencepiece==0.2.0
    # via goob-ai
    # via simpletransformers
sentry-sdk==2.12.0
    # via goob-ai
    # via wandb
seqeval==1.2.2
    # via simpletransformers
setproctitle==1.3.3
    # via wandb
setuptools==72.1.0
    # via jupyterlab
    # via mkdocs-mermaid2-plugin
    # via opentelemetry-instrumentation
    # via pyproject-toml
    # via pytablewriter
    # via ruyaml
    # via tensorboard
    # via wandb
shapely==2.0.5
    # via rapidocr-onnxruntime
shellingham==1.5.4
    # via pypi-command-line
    # via typer
simpletransformers==0.70.1
    # via goob-ai
six==1.16.0
    # via asttokens
    # via bleach
    # via blessed
    # via docker-pycreds
    # via html5lib
    # via jsbeautifier
    # via kubernetes
    # via posthog
    # via python-dateutil
    # via rapidocr-onnxruntime
    # via rfc3339-validator
    # via tensorboard
    # via url-normalize
smmap==5.0.1
    # via gitdb
sniffio==1.3.1
    # via anthropic
    # via anyio
    # via groq
    # via httpx
    # via openai
snowballstemmer==2.2.0
    # via pydocstyle
soupsieve==2.5
    # via beautifulsoup4
    # via goob-ai
sourcery==1.21.0
sqlalchemy==2.0.31
    # via langchain
    # via langchain-community
sse-starlette==1.8.2
    # via langserve
stack-data==0.6.3
    # via ipython
starlette==0.37.2
    # via aioprometheus
    # via fastapi
    # via sse-starlette
streamlit==1.34.0
    # via goob-ai
    # via simpletransformers
striprtf==0.0.26
    # via goob-ai
sympy==1.13.1
    # via onnxruntime
    # via torch
tabledata==1.3.3
    # via pytablewriter
tcolorpy==0.1.6
    # via pytablewriter
telnetlib3==2.0.4
    # via goob-ai
tenacity==8.5.0
    # via chromadb
    # via goob-ai
    # via langchain
    # via langchain-community
    # via langchain-core
    # via streamlit
tensorboard==2.17.0
    # via simpletransformers
tensorboard-data-server==0.7.2
    # via tensorboard
tensorboardx==2.6.2.2
    # via simpletransformers
termcolor==2.4.0
    # via commitizen
    # via pytest-sugar
terminado==0.18.1
    # via jupyter-server
    # via jupyter-server-terminals
terminaltables==3.1.10
    # via aiomonitor
text-unidecode==1.3
    # via python-slugify
thefuzz==0.22.1
    # via pypi-command-line
threadpoolctl==3.5.0
    # via scikit-learn
tiktoken==0.7.0
    # via langchain-openai
timm==1.0.8
    # via goob-ai
tinycss2==1.3.0
    # via cssselect2
    # via nbconvert
    # via weasyprint
tokenize-rt==5.2.0
    # via nbqa
    # via pyupgrade
tokenizers==0.19.1
    # via anthropic
    # via chromadb
    # via simpletransformers
    # via transformers
toml==0.10.2
    # via maison
    # via mdformat-config
    # via pyproject-toml
    # via streamlit
tomli==2.0.1
    # via application-properties
    # via autopep8
    # via black
    # via build
    # via coverage
    # via docformatter
    # via jupyterlab
    # via jupytext
    # via mdformat
    # via mdformat-pyproject
    # via mypy
    # via nbqa
    # via pydocstringformatter
    # via pylint
    # via pylint-per-file-ignores
    # via pytest
    # via towncrier
    # via validate-pyproject
tomlkit==0.13.0
    # via commitizen
    # via pylint
toolz==0.12.1
    # via altair
    # via columnar
    # via dask
    # via partd
torch==2.0.1
    # via goob-ai
    # via sentence-transformers
    # via timm
    # via torchvision
torchvision==0.15.2
    # via goob-ai
    # via timm
tornado==6.4.1
    # via ipykernel
    # via jupyter-client
    # via jupyter-server
    # via jupyterlab
    # via notebook
    # via streamlit
    # via terminado
towncrier==24.7.1
tqdm==4.66.4
    # via chromadb
    # via datasets
    # via goob-ai
    # via google-generativeai
    # via huggingface-hub
    # via openai
    # via pinecone-client
    # via scenedetect
    # via sentence-transformers
    # via simpletransformers
    # via transformers
trafaret==2.1.1
    # via aiomonitor
traitlets==5.14.3
    # via comm
    # via ipykernel
    # via ipython
    # via ipywidgets
    # via jupyter-client
    # via jupyter-core
    # via jupyter-events
    # via jupyter-server
    # via jupyterlab
    # via matplotlib-inline
    # via nbclient
    # via nbconvert
    # via nbformat
transformers==4.43.3
    # via goob-ai
    # via sentence-transformers
    # via simpletransformers
trove-classifiers==2024.7.2
    # via validate-pyproject
typepy==1.3.2
    # via dataproperty
    # via pytablewriter
    # via tabledata
typer==0.12.3
    # via bump-pydantic
    # via chromadb
    # via fastapi-cli
    # via goob-ai
    # via pypi-command-line
types-aiofiles==24.1.0.20240626
types-awscrt==0.21.2
    # via botocore-stubs
types-beautifulsoup4==4.12.0.20240511
types-boto==2.49.18.20240205
types-cffi==1.16.0.20240331
    # via types-pyopenssl
types-click==7.1.8
types-click-spinner==0.1.13.20240311
types-colorama==0.4.15.20240311
types-contextvars==2.4.7.3
types-dataclasses==0.6.6
types-freezegun==1.1.10
types-html5lib==1.1.11.20240228
    # via types-beautifulsoup4
types-jsonschema==4.23.0.20240712
types-mock==5.1.0.20240425
types-mypy-extensions==1.0.0.20240311
types-protobuf==5.27.0.20240626
types-psutil==6.0.0.20240621
types-pyasn1==0.6.0.20240402
    # via types-python-jose
types-pyopenssl==24.1.0.20240722
    # via types-redis
types-python-dateutil==2.9.0.20240316
    # via arrow
types-python-jose==3.3.4.20240106
types-pytz==2024.1.0.20240417
    # via pandas-stubs
types-pyyaml==6.0.12.20240724
types-redis==4.6.0.20240726
types-regex==2024.7.24.20240726
types-requests==2.32.0.20240712
    # via langchainhub
types-s3transfer==0.10.1
    # via boto3-stubs
types-setuptools==71.1.0.20240726
    # via types-cffi
types-six==1.16.21.20240513
types-toml==0.10.8.20240310
types-tqdm==4.66.0.20240417
types-ujson==5.10.0.20240515
types-urllib3==1.26.25.14
typing-extensions==4.12.2
    # via aiodebug
    # via aiomonitor
    # via aiosqlite
    # via altair
    # via anthropic
    # via anyio
    # via application-properties
    # via asgiref
    # via astroid
    # via async-lru
    # via black
    # via boto3-stubs
    # via bump-pydantic
    # via cattrs
    # via chromadb
    # via fastapi
    # via google-generativeai
    # via groq
    # via huggingface-hub
    # via janus
    # via langchain-core
    # via mypy
    # via mypy-boto3
    # via mypy-boto3-cloudformation
    # via mypy-boto3-dynamodb
    # via mypy-boto3-ec2
    # via mypy-boto3-lambda
    # via mypy-boto3-rds
    # via mypy-boto3-s3
    # via mypy-boto3-sqs
    # via openai
    # via opentelemetry-sdk
    # via pinecone-client
    # via pydantic
    # via pydantic-core
    # via pymarkdownlnt
    # via pypdf
    # via python-docx
    # via rich-click
    # via sqlalchemy
    # via streamlit
    # via torch
    # via typer
    # via typing-inspect
    # via uvicorn
typing-inspect==0.9.0
    # via dataclasses-json
tzdata==2024.1
    # via pandas
uc-micro-py==1.0.3
    # via linkify-it-py
ujson==5.10.0
    # via pypi-command-line
untokenize==0.1.1
    # via docformatter
uri-template==1.3.0
    # via jsonschema
uritemplate==4.1.1
    # via goob-ai
    # via google-api-python-client
uritools==4.0.3
    # via goob-ai
url-normalize==1.4.3
    # via requests-cache
urllib3==2.2.2
    # via botocore
    # via kubernetes
    # via pinecone-client
    # via requests
    # via requests-cache
    # via sentry-sdk
    # via types-requests
uvicorn==0.30.4
    # via chromadb
    # via fastapi
    # via goob-ai
    # via sse-starlette
uvloop==0.19.0
    # via uvicorn
validate-pyproject==0.18
validate-pyproject-schema-store==2024.7.29
    # via validate-pyproject
validators==0.33.0
    # via goob-ai
vcrpy==6.0.1
    # via pytest-vcr
virtualenv==20.26.3
    # via pre-commit
wandb==0.17.5
    # via simpletransformers
watchdog==4.0.1
    # via goob-ai
    # via mkdocs
watchfiles==0.22.0
    # via uvicorn
wcmatch==8.5.2
    # via mkdocs-include-markdown-plugin
wcwidth==0.2.13
    # via blessed
    # via columnar
    # via prettytable
    # via prompt-toolkit
weasyprint==62.3
    # via md2pdf
    # via mkdocs-with-pdf
webcolors==1.13
    # via goob-ai
    # via jsonschema
webencodings==0.5.1
    # via bleach
    # via cssselect2
    # via html5lib
    # via tinycss2
websocket-client==1.8.0
    # via jupyter-server
    # via kubernetes
websockets==12.0
    # via goob-ai
    # via uvicorn
werkzeug==3.0.3
    # via gutter
    # via tensorboard
wheel==0.43.0
    # via pyproject-toml
wheel-filename==1.4.1
    # via pypi-command-line
widgetsnbextension==4.0.11
    # via goob-ai
    # via ipywidgets
wikipedia==1.4.0
    # via goob-ai
wrapt==1.16.0
    # via deprecated
    # via opentelemetry-instrumentation
    # via vcrpy
xxhash==3.4.1
    # via datasets
yamlfix==1.16.0
yamllint==1.35.1
yarl==1.9.4
    # via aiohttp
    # via vcrpy
yfinance==0.2.41
    # via goob-ai
youtube-search==2.1.2
    # via goob-ai
zipp==3.19.2
    # via importlib-metadata
zopfli==0.2.3
    # via fonttools
