# generated by rye
# use `rye lock` or `rye sync` to update this lockfile
#
# last locked with the following flags:
#   pre: false
#   features: []
#   all-features: true
#   with-sources: false
#   generate-hashes: false

-e file:.
absl-py==2.1.0
    # via tensorboard
aiocache==0.12.2
    # via goob-ai
aioconsole==0.7.1
    # via aiomonitor
aiodebug==2.3.0
    # via goob-ai
aiodns==3.2.0
    # via goob-ai
aiofile==3.8.8
    # via goob-ai
aiofiles==23.2.1
    # via aiopytesseract
    # via goob-ai
aiohttp==3.9.5
    # via aiomonitor
    # via datasets
    # via discord-py
    # via fsspec
    # via goob-ai
    # via langchain
    # via langchain-community
    # via pytest-aiohttp
aiomonitor==0.7.0
    # via goob-ai
aioprometheus==23.12.0
    # via goob-ai
aiopytesseract==0.14.0
    # via goob-ai
aiosignal==1.3.1
    # via aiohttp
aiosql==10.2
    # via goob-ai
aiosqlite==0.20.0
    # via goob-ai
altair==5.3.0
    # via streamlit
annotated-types==0.7.0
    # via pydantic
anthropic==0.28.0
    # via langchain-anthropic
anyio==4.4.0
    # via anthropic
    # via asyncer
    # via httpx
    # via openai
    # via sse-starlette
    # via starlette
    # via watchfiles
asgiref==3.8.1
    # via opentelemetry-instrumentation-asgi
astroid==3.2.2
    # via pylint
async-timeout==4.0.3
    # via aiohttp
    # via langchain
    # via redis
asyncer==0.0.7
    # via goob-ai
attrs==23.2.0
    # via aiohttp
    # via aiomonitor
    # via aiopytesseract
    # via cattrs
    # via goob-ai
    # via jsonschema
    # via referencing
    # via requests-cache
babel==2.15.0
    # via goob-ai
backoff==2.2.1
    # via posthog
backports-strenum==1.3.1
    # via aiomonitor
bcrypt==4.1.3
    # via chromadb
    # via passlib
beautifulsoup4==4.12.3
    # via bs4
    # via goob-ai
    # via google
    # via wikipedia
    # via yfinance
better-exceptions==0.3.3
    # via goob-ai
black==24.4.2
blessed==1.20.0
    # via curtsies
blinker==1.8.2
    # via streamlit
boto3==1.34.122
    # via goob-ai
    # via mypy-boto3
boto3-stubs==1.34.122
botocore==1.34.122
    # via boto3
    # via s3transfer
botocore-stubs==1.34.122
    # via boto3-stubs
bpython==0.24
brotli==1.1.0
    # via fonttools
bs4==0.0.2
    # via pyinspect
    # via pypi-command-line
build==1.2.1
    # via chromadb
bump-pydantic==0.8.0
    # via goob-ai
cachetools==5.3.3
    # via google-auth
    # via streamlit
caio==0.9.17
    # via aiofile
cattrs==23.2.3
    # via aiopytesseract
    # via requests-cache
certifi==2024.6.2
    # via httpcore
    # via httpx
    # via kubernetes
    # via pinecone-client
    # via requests
    # via sentry-sdk
cffi==1.16.0
    # via cryptography
    # via pycares
    # via weasyprint
cfgv==3.4.0
    # via pre-commit
chardet==5.2.0
    # via goob-ai
    # via mbstrdecoder
charset-normalizer==3.3.2
    # via docformatter
    # via requests
chroma-hnswlib==0.7.3
    # via chromadb
chromadb==0.5.0
    # via goob-ai
click==8.1.7
    # via aiomonitor
    # via black
    # via dask
    # via duckduckgo-search
    # via goob-ai
    # via pyinspect
    # via rich-click
    # via scenedetect
    # via streamlit
    # via typer
    # via uvicorn
    # via wandb
click-spinner==0.1.10
    # via goob-ai
cloudpickle==3.0.0
    # via dask
codetiming==1.4.0
    # via goob-ai
coloredlogs==15.0.1
    # via onnxruntime
contourpy==1.2.1
    # via matplotlib
coverage==7.5.3
    # via pytest-cov
cryptography==42.0.8
    # via types-pyopenssl
    # via types-redis
cssselect2==0.7.0
    # via weasyprint
curtsies==0.4.2
    # via bpython
cwcwidth==0.1.9
    # via bpython
    # via curtsies
cycler==0.12.1
    # via matplotlib
dask==2024.5.2
    # via goob-ai
dataclasses-json==0.6.6
    # via langchain-community
dataproperty==1.0.1
    # via pytablewriter
    # via tabledata
datasets==2.19.2
    # via simpletransformers
defusedxml==0.7.1
    # via langchain-anthropic
deprecated==1.2.14
    # via opentelemetry-api
    # via opentelemetry-exporter-otlp-proto-grpc
dill==0.3.8
    # via datasets
    # via multiprocess
    # via pylint
discord-py==2.3.2
    # via dpytest
    # via goob-ai
distlib==0.3.8
    # via virtualenv
distro==1.9.0
    # via anthropic
    # via openai
dnspython==2.6.1
    # via email-validator
    # via pymongo
docformatter==1.7.5
docker-pycreds==0.4.0
    # via wandb
docopt==0.6.2
    # via md2pdf
docutils==0.21.2
    # via goob-ai
    # via rich-rst
dominate==2.9.1
    # via pytablewriter
dpytest==0.7.0
duckduckgo-search==6.1.5
    # via goob-ai
durabledict==0.9.4
    # via gutter
email-validator==2.1.1
    # via fastapi
    # via pydantic
exceptiongroup==1.2.1
    # via anyio
    # via cattrs
    # via pytest
factory-boy==3.3.0
    # via goob-ai
faker==25.8.0
    # via factory-boy
    # via goob-ai
fastapi==0.111.0
    # via chromadb
    # via goob-ai
    # via langserve
    # via sse-starlette
fastapi-cli==0.0.4
    # via fastapi
fastjsonschema==2.19.1
    # via validate-pyproject
filelock==3.14.0
    # via datasets
    # via huggingface-hub
    # via torch
    # via transformers
    # via virtualenv
flake8==7.0.0
flatbuffers==24.3.25
    # via onnxruntime
fonttools==4.53.0
    # via goob-ai
    # via matplotlib
    # via weasyprint
frozendict==2.4.4
    # via yfinance
frozenlist==1.4.1
    # via aiohttp
    # via aiosignal
fsspec==2024.3.1
    # via dask
    # via datasets
    # via huggingface-hub
    # via torch
gallery-dl==1.27.0
    # via goob-ai
geojson==2.5.0
    # via pyowm
gitdb==4.0.11
    # via gitpython
gitpython==3.1.43
    # via streamlit
    # via wandb
google==3.0.0
    # via pyinspect
google-ai-generativelanguage==0.6.4
    # via google-generativeai
google-api-core==2.19.0
    # via google-ai-generativelanguage
    # via google-api-python-client
    # via google-generativeai
google-api-python-client==2.132.0
    # via google-generativeai
google-auth==2.30.0
    # via goob-ai
    # via google-ai-generativelanguage
    # via google-api-core
    # via google-api-python-client
    # via google-auth-httplib2
    # via google-auth-oauthlib
    # via google-generativeai
    # via kubernetes
google-auth-httplib2==0.2.0
    # via google-api-python-client
google-auth-oauthlib==1.2.0
    # via goob-ai
google-generativeai==0.5.4
    # via langchain-google-genai
googleapis-common-protos==1.63.1
    # via google-api-core
    # via grpcio-status
    # via opentelemetry-exporter-otlp-proto-grpc
    # via pinecone-client
    # via protoc-gen-openapiv2
greenlet==3.0.3
    # via bpython
grpc-stubs==1.53.0.5
grpcio==1.64.1
    # via chromadb
    # via google-api-core
    # via grpc-stubs
    # via grpcio-status
    # via opentelemetry-exporter-otlp-proto-grpc
    # via pinecone-client
    # via tensorboard
grpcio-status==1.62.2
    # via google-api-core
gutter==0.5.0
    # via goob-ai
h11==0.14.0
    # via httpcore
    # via uvicorn
h2==4.1.0
    # via httpx
hpack==4.0.0
    # via h2
html5lib==1.1
    # via weasyprint
    # via yfinance
httpcore==1.0.5
    # via httpx
httplib2==0.22.0
    # via google-api-python-client
    # via google-auth-httplib2
httptools==0.6.1
    # via uvicorn
httpx==0.27.0
    # via anthropic
    # via fastapi
    # via goob-ai
    # via langserve
    # via openai
    # via pytest-httpx
huggingface-hub==0.23.3
    # via datasets
    # via goob-ai
    # via timm
    # via tokenizers
    # via transformers
humanfriendly==10.0
    # via coloredlogs
humanize==4.9.0
    # via pypi-command-line
hunter==3.7.0
hyperframe==6.0.1
    # via h2
identify==2.5.36
    # via pre-commit
idna==3.7
    # via anyio
    # via email-validator
    # via httpx
    # via requests
    # via yarl
imageio==2.34.1
    # via goob-ai
importlib-metadata==7.1.0
    # via dask
    # via opentelemetry-api
importlib-resources==6.4.0
    # via chromadb
imutils==0.5.4
    # via goob-ai
iniconfig==2.0.0
    # via pytest
invoke==2.2.0
    # via goob-ai
isort==5.13.2
    # via pylint
janus==1.0.0
    # via aiomonitor
jinja2==3.1.4
    # via aiomonitor
    # via altair
    # via fastapi
    # via pydeck
    # via torch
jiter==0.4.1
    # via anthropic
jmespath==1.0.1
    # via boto3
    # via botocore
joblib==1.4.2
    # via scikit-learn
jsonpatch==1.33
    # via langchain-core
jsonpickle==3.0.4
    # via gutter
jsonpointer==2.4
    # via jsonpatch
jsonschema==4.22.0
    # via altair
    # via pyproject-toml
jsonschema-specifications==2023.12.1
    # via jsonschema
kiwisolver==1.4.5
    # via matplotlib
kubernetes==30.1.0
    # via chromadb
langchain==0.2.3
    # via goob-ai
    # via langchain-community
langchain-anthropic==0.1.15
    # via goob-ai
langchain-community==0.2.4
    # via goob-ai
langchain-core==0.2.5
    # via goob-ai
    # via langchain
    # via langchain-anthropic
    # via langchain-community
    # via langchain-google-genai
    # via langchain-openai
    # via langchain-text-splitters
    # via langserve
langchain-google-genai==1.0.6
    # via goob-ai
langchain-openai==0.1.8
    # via goob-ai
langchain-text-splitters==0.2.1
    # via langchain
langserve==0.2.1
    # via goob-ai
langsmith==0.1.75
    # via langchain
    # via langchain-community
    # via langchain-core
lazy-object-proxy==1.10.0
    # via goob-ai
levenshtein==0.25.1
    # via python-levenshtein
libcst==1.4.0
    # via bump-pydantic
    # via monkeytype
locket==1.0.0
    # via partd
logging-tree==1.10
    # via goob-ai
loguru==0.7.2
    # via goob-ai
lxml==5.2.2
    # via goob-ai
    # via pypi-command-line
    # via python-docx
    # via yfinance
lz4==4.3.3
    # via pinecone-client
manhole==1.8.0
    # via hunter
markdown==3.6
    # via goob-ai
    # via tensorboard
markdown-it-py==3.0.0
    # via rich
markdown2==2.4.13
    # via md2pdf
markupsafe==2.1.5
    # via jinja2
    # via werkzeug
marshmallow==3.21.3
    # via dataclasses-json
matplotlib==3.9.0
    # via goob-ai
mbstrdecoder==1.1.3
    # via dataproperty
    # via pytablewriter
    # via typepy
mccabe==0.7.0
    # via flake8
    # via pylint
md2pdf==1.0.1
    # via goob-ai
mdurl==0.1.2
    # via markdown-it-py
memory-profiler==0.61.0
    # via goob-ai
mmh3==4.1.0
    # via chromadb
monkeytype==23.3.0
monotonic==1.6
    # via posthog
motor==3.4.0
    # via goob-ai
mpmath==1.3.0
    # via sympy
multidict==6.0.5
    # via aiohttp
    # via yarl
multiprocess==0.70.16
    # via datasets
    # via goob-ai
multitasking==0.0.11
    # via yfinance
mutagen==1.47.0
    # via goob-ai
mypy==1.10.0
mypy-boto3==1.34.122
mypy-boto3-cloudformation==1.34.111
    # via boto3-stubs
mypy-boto3-dynamodb==1.34.114
    # via boto3-stubs
mypy-boto3-ec2==1.34.119
    # via boto3-stubs
mypy-boto3-lambda==1.34.77
    # via boto3-stubs
mypy-boto3-rds==1.34.116
    # via boto3-stubs
mypy-boto3-s3==1.34.120
    # via boto3-stubs
mypy-boto3-sqs==1.34.121
    # via boto3-stubs
mypy-extensions==1.0.0
    # via black
    # via monkeytype
    # via mypy
    # via typing-inspect
networkx==3.3
    # via torch
nodeenv==1.9.1
    # via pre-commit
    # via pyright
numpy==1.26.4
    # via altair
    # via chroma-hnswlib
    # via chromadb
    # via contourpy
    # via datasets
    # via goob-ai
    # via imageio
    # via langchain
    # via langchain-community
    # via matplotlib
    # via onnxruntime
    # via opencv-python
    # via pandas
    # via pandas-stubs
    # via pyarrow
    # via pydeck
    # via pyinspect
    # via scenedetect
    # via scikit-learn
    # via scipy
    # via seqeval
    # via simpletransformers
    # via streamlit
    # via tensorboard
    # via tensorboardx
    # via torchvision
    # via transformers
    # via yfinance
oauthlib==3.2.2
    # via kubernetes
    # via requests-oauthlib
onnxruntime==1.18.0
    # via chromadb
openai==1.33.0
    # via goob-ai
    # via langchain-openai
opencv-python==4.10.0.82
    # via scenedetect
opentelemetry-api==1.25.0
    # via chromadb
    # via opentelemetry-exporter-otlp-proto-grpc
    # via opentelemetry-instrumentation
    # via opentelemetry-instrumentation-asgi
    # via opentelemetry-instrumentation-fastapi
    # via opentelemetry-sdk
    # via opentelemetry-semantic-conventions
opentelemetry-exporter-otlp-proto-common==1.25.0
    # via opentelemetry-exporter-otlp-proto-grpc
opentelemetry-exporter-otlp-proto-grpc==1.25.0
    # via chromadb
opentelemetry-instrumentation==0.46b0
    # via opentelemetry-instrumentation-asgi
    # via opentelemetry-instrumentation-fastapi
opentelemetry-instrumentation-asgi==0.46b0
    # via opentelemetry-instrumentation-fastapi
opentelemetry-instrumentation-fastapi==0.46b0
    # via chromadb
opentelemetry-proto==1.25.0
    # via opentelemetry-exporter-otlp-proto-common
    # via opentelemetry-exporter-otlp-proto-grpc
opentelemetry-sdk==1.25.0
    # via chromadb
    # via opentelemetry-exporter-otlp-proto-grpc
opentelemetry-semantic-conventions==0.46b0
    # via opentelemetry-instrumentation-asgi
    # via opentelemetry-instrumentation-fastapi
    # via opentelemetry-sdk
opentelemetry-util-http==0.46b0
    # via opentelemetry-instrumentation-asgi
    # via opentelemetry-instrumentation-fastapi
orjson==3.10.3
    # via aioprometheus
    # via chromadb
    # via duckduckgo-search
    # via fastapi
    # via langserve
    # via langsmith
overrides==7.7.0
    # via chromadb
packaging==23.2
    # via altair
    # via black
    # via build
    # via dask
    # via datasets
    # via huggingface-hub
    # via langchain-core
    # via marshmallow
    # via matplotlib
    # via onnxruntime
    # via pypi-command-line
    # via pytest
    # via pytest-rerunfailures
    # via pytest-sugar
    # via streamlit
    # via tensorboardx
    # via transformers
    # via typepy
    # via validate-pyproject
pandas==2.2.2
    # via altair
    # via datasets
    # via goob-ai
    # via simpletransformers
    # via streamlit
    # via yfinance
pandas-stubs==2.2.2.240603
partd==1.4.2
    # via dask
passlib==1.7.4
    # via goob-ai
pathlib-mate==1.3.2
    # via goob-ai
pathspec==0.12.1
    # via black
pathvalidate==3.2.0
    # via pytablewriter
peewee==3.17.5
    # via yfinance
pillow==10.3.0
    # via goob-ai
    # via imageio
    # via matplotlib
    # via streamlit
    # via torchvision
    # via weasyprint
pinecone-client==4.1.1
    # via goob-ai
pinecone-plugin-interface==0.0.7
    # via pinecone-client
platformdirs==4.2.2
    # via black
    # via pylint
    # via requests-cache
    # via scenedetect
    # via virtualenv
    # via wandb
    # via yfinance
pluggy==1.5.0
    # via pytest
posthog==3.5.0
    # via chromadb
pre-commit==3.7.1
prettytable==3.10.0
    # via goob-ai
prometheus-client==0.20.0
    # via goob-ai
prompt-toolkit==3.0.46
    # via aiomonitor
    # via questionary
proto-plus==1.23.0
    # via google-ai-generativelanguage
    # via google-api-core
protobuf==4.25.3
    # via google-ai-generativelanguage
    # via google-api-core
    # via google-generativeai
    # via googleapis-common-protos
    # via grpcio-status
    # via onnxruntime
    # via opentelemetry-proto
    # via pinecone-client
    # via proto-plus
    # via protoc-gen-openapiv2
    # via streamlit
    # via tensorboard
    # via tensorboardx
    # via wandb
protoc-gen-openapiv2==0.0.1
    # via pinecone-client
psutil==5.9.8
    # via memory-profiler
    # via wandb
pyarrow==16.1.0
    # via datasets
    # via streamlit
pyarrow-hotfix==0.6
    # via datasets
pyasn1==0.6.0
    # via pyasn1-modules
    # via rsa
pyasn1-modules==0.4.0
    # via google-auth
pycares==4.4.0
    # via aiodns
pycodestyle==2.11.1
    # via flake8
pycparser==2.22
    # via cffi
pycryptodome==3.20.0
    # via goob-ai
pydantic==2.7.3
    # via anthropic
    # via chromadb
    # via fastapi
    # via goob-ai
    # via google-generativeai
    # via langchain
    # via langchain-core
    # via langserve
    # via langsmith
    # via openai
    # via pydantic-settings
pydantic-core==2.18.4
    # via pydantic
pydantic-settings==2.3.1
    # via goob-ai
pydeck==0.9.1
    # via streamlit
pydocstyle==6.3.0
pydyf==0.10.0
    # via weasyprint
pyflakes==3.2.0
    # via flake8
pygments==2.18.0
    # via bpython
    # via goob-ai
    # via rich
pyinspect==0.1.0
    # via goob-ai
pyinvoke==1.0.4
    # via goob-ai
pylint==3.2.3
pylint-per-file-ignores==1.3.2
pymongo==4.7.3
    # via motor
pyowm==3.3.0
    # via goob-ai
pyparsing==3.1.2
    # via httplib2
    # via matplotlib
pypdf==4.2.0
    # via goob-ai
pypdf2==3.0.1
    # via goob-ai
pyphen==0.15.0
    # via weasyprint
pypi-command-line==1.7.1
    # via goob-ai
pypika==0.48.9
    # via chromadb
pyproject-hooks==1.1.0
    # via build
pyproject-toml==0.0.10
    # via langserve
pyreqwest-impersonate==0.4.7
    # via duckduckgo-search
pyright==1.1.366
pysocks==1.7.1
    # via pyowm
    # via requests
pytablewriter==1.2.0
    # via goob-ai
pytest==8.2.2
    # via dpytest
    # via pytest-aiohttp
    # via pytest-asyncio
    # via pytest-cov
    # via pytest-httpx
    # via pytest-mock
    # via pytest-rerunfailures
    # via pytest-sugar
pytest-aiohttp==1.0.5
pytest-asyncio==0.23.7
    # via dpytest
    # via pytest-aiohttp
pytest-cov==5.0.0
pytest-httpx==0.30.0
pytest-mock==3.14.0
pytest-rerunfailures==14.0
pytest-sugar==1.0.0
python-dateutil==2.9.0.post0
    # via botocore
    # via faker
    # via kubernetes
    # via matplotlib
    # via pandas
    # via posthog
    # via typepy
python-docx==1.1.2
    # via goob-ai
python-dotenv==1.0.1
    # via goob-ai
    # via pydantic-settings
    # via uvicorn
python-json-logger==2.0.7
    # via goob-ai
python-levenshtein==0.25.1
    # via goob-ai
python-multipart==0.0.9
    # via fastapi
python-slugify==8.0.4
    # via goob-ai
pytz==2024.1
    # via goob-ai
    # via pandas
    # via typepy
    # via yfinance
pyupgrade==3.15.2
pyxdg==0.28
    # via bpython
pyyaml==6.0.1
    # via chromadb
    # via dask
    # via datasets
    # via huggingface-hub
    # via kubernetes
    # via langchain
    # via langchain-community
    # via langchain-core
    # via libcst
    # via pre-commit
    # via timm
    # via transformers
    # via uvicorn
    # via wandb
    # via watchdog
quantile-python==1.1
    # via aioprometheus
questionary==1.10.0
    # via pypi-command-line
rapidfuzz==3.9.3
    # via levenshtein
    # via pypi-command-line
    # via thefuzz
redis==5.0.5
    # via goob-ai
referencing==0.35.1
    # via jsonschema
    # via jsonschema-specifications
    # via types-jsonschema
regex==2024.5.15
    # via simpletransformers
    # via tiktoken
    # via transformers
requests==2.32.3
    # via bpython
    # via chromadb
    # via datasets
    # via gallery-dl
    # via goob-ai
    # via google-api-core
    # via huggingface-hub
    # via kubernetes
    # via langchain
    # via langchain-community
    # via langsmith
    # via posthog
    # via pyinspect
    # via pyowm
    # via pypi-command-line
    # via requests-cache
    # via requests-mock
    # via requests-oauthlib
    # via simpletransformers
    # via streamlit
    # via tiktoken
    # via transformers
    # via wandb
    # via wikipedia
    # via yfinance
    # via youtube-search
requests-cache==1.2.0
    # via pypi-command-line
requests-mock==1.12.1
requests-oauthlib==2.0.0
    # via google-auth-oauthlib
    # via kubernetes
rich==13.7.1
    # via bump-pydantic
    # via pyinspect
    # via pypi-command-line
    # via rich-click
    # via rich-rst
    # via streamlit
    # via typer
rich-click==1.8.2
    # via pypi-command-line
rich-rst==1.3.1
    # via pypi-command-line
rpds-py==0.18.1
    # via jsonschema
    # via referencing
rsa==4.9
    # via google-auth
ruff==0.4.8
s3transfer==0.10.1
    # via boto3
safetensors==0.4.3
    # via timm
    # via transformers
scenedetect==0.6.3
    # via goob-ai
scikit-learn==1.5.0
    # via seqeval
    # via simpletransformers
scipy==1.13.1
    # via scikit-learn
    # via simpletransformers
sentencepiece==0.2.0
    # via goob-ai
    # via simpletransformers
sentry-sdk==2.5.1
    # via wandb
seqeval==1.2.2
    # via simpletransformers
setproctitle==1.3.3
    # via wandb
setuptools==70.0.0
    # via opentelemetry-instrumentation
    # via pyproject-toml
    # via pytablewriter
    # via tensorboard
    # via wandb
shellingham==1.5.4
    # via pypi-command-line
    # via typer
simpletransformers==0.70.1
    # via goob-ai
six==1.16.0
    # via blessed
    # via docker-pycreds
    # via html5lib
    # via kubernetes
    # via posthog
    # via python-dateutil
    # via tensorboard
    # via url-normalize
smmap==5.0.1
    # via gitdb
sniffio==1.3.1
    # via anthropic
    # via anyio
    # via httpx
    # via openai
snowballstemmer==2.2.0
    # via pydocstyle
soupsieve==2.5
    # via beautifulsoup4
    # via goob-ai
sourcery==1.19.0
sqlalchemy==2.0.30
    # via langchain
    # via langchain-community
sse-starlette==1.8.2
    # via langserve
starlette==0.37.2
    # via aioprometheus
    # via fastapi
    # via sse-starlette
streamlit==1.34.0
    # via goob-ai
    # via simpletransformers
striprtf==0.0.26
    # via goob-ai
sympy==1.12.1
    # via onnxruntime
    # via torch
tabledata==1.3.3
    # via pytablewriter
tcolorpy==0.1.6
    # via pytablewriter
telnetlib3==2.0.4
    # via goob-ai
tenacity==8.3.0
    # via chromadb
    # via goob-ai
    # via langchain
    # via langchain-community
    # via langchain-core
    # via streamlit
tensorboard==2.17.0
    # via simpletransformers
tensorboard-data-server==0.7.2
    # via tensorboard
tensorboardx==2.6.2.2
    # via simpletransformers
termcolor==2.4.0
    # via pytest-sugar
terminaltables==3.1.10
    # via aiomonitor
text-unidecode==1.3
    # via python-slugify
thefuzz==0.22.1
    # via pypi-command-line
threadpoolctl==3.5.0
    # via scikit-learn
tiktoken==0.7.0
    # via langchain-openai
timm==1.0.3
    # via goob-ai
tinycss2==1.3.0
    # via cssselect2
    # via weasyprint
tokenize-rt==5.2.0
    # via pyupgrade
tokenizers==0.19.1
    # via anthropic
    # via chromadb
    # via simpletransformers
    # via transformers
toml==0.10.2
    # via pyproject-toml
    # via streamlit
tomli==2.0.1
    # via black
    # via build
    # via coverage
    # via docformatter
    # via mypy
    # via pylint
    # via pylint-per-file-ignores
    # via pytest
    # via validate-pyproject
tomlkit==0.12.5
    # via pylint
toolz==0.12.1
    # via altair
    # via dask
    # via partd
torch==2.3.1
    # via goob-ai
    # via timm
    # via torchvision
torchvision==0.18.1
    # via goob-ai
    # via timm
tornado==6.4.1
    # via streamlit
tqdm==4.66.4
    # via chromadb
    # via datasets
    # via goob-ai
    # via google-generativeai
    # via huggingface-hub
    # via openai
    # via pinecone-client
    # via scenedetect
    # via simpletransformers
    # via transformers
trafaret==2.1.1
    # via aiomonitor
transformers==4.41.2
    # via goob-ai
    # via simpletransformers
trove-classifiers==2024.5.22
    # via validate-pyproject
typepy==1.3.2
    # via dataproperty
    # via pytablewriter
    # via tabledata
typer==0.12.3
    # via bump-pydantic
    # via chromadb
    # via fastapi-cli
    # via goob-ai
    # via pypi-command-line
types-aiofiles==23.2.0.20240403
types-awscrt==0.20.11
    # via botocore-stubs
types-beautifulsoup4==4.12.0.20240511
types-boto==2.49.18.20240205
types-cffi==1.16.0.20240331
    # via types-pyopenssl
types-click==7.1.8
types-click-spinner==0.1.13.20240311
types-colorama==0.4.15.20240311
types-contextvars==2.4.7.3
types-dataclasses==0.6.6
types-freezegun==1.1.10
types-html5lib==1.1.11.20240228
    # via types-beautifulsoup4
types-jsonschema==4.22.0.20240501
types-mock==5.1.0.20240425
types-mypy-extensions==1.0.0.20240311
types-protobuf==5.26.0.20240422
types-psutil==5.9.5.20240516
types-pyasn1==0.6.0.20240402
    # via types-python-jose
types-pyopenssl==24.1.0.20240425
    # via types-redis
types-python-jose==3.3.4.20240106
types-pytz==2024.1.0.20240417
    # via pandas-stubs
types-pyyaml==6.0.12.20240311
types-redis==4.6.0.20240425
types-regex==2024.5.15.20240519
types-s3transfer==0.10.1
    # via boto3-stubs
types-setuptools==70.0.0.20240524
    # via types-cffi
types-six==1.16.21.20240513
types-toml==0.10.8.20240310
types-tqdm==4.66.0.20240417
types-ujson==5.10.0.20240515
types-urllib3==1.26.25.14
typing-extensions==4.12.2
    # via aiodebug
    # via aiomonitor
    # via aiosqlite
    # via altair
    # via anthropic
    # via anyio
    # via asgiref
    # via astroid
    # via black
    # via boto3-stubs
    # via bump-pydantic
    # via cattrs
    # via chromadb
    # via fastapi
    # via google-generativeai
    # via huggingface-hub
    # via janus
    # via mypy
    # via mypy-boto3
    # via mypy-boto3-cloudformation
    # via mypy-boto3-dynamodb
    # via mypy-boto3-ec2
    # via mypy-boto3-lambda
    # via mypy-boto3-rds
    # via mypy-boto3-s3
    # via mypy-boto3-sqs
    # via openai
    # via opentelemetry-sdk
    # via pinecone-client
    # via pydantic
    # via pydantic-core
    # via pypdf
    # via python-docx
    # via rich-click
    # via sqlalchemy
    # via streamlit
    # via torch
    # via typer
    # via typing-inspect
    # via uvicorn
typing-inspect==0.9.0
    # via dataclasses-json
tzdata==2024.1
    # via pandas
ujson==5.10.0
    # via fastapi
    # via pypi-command-line
untokenize==0.1.1
    # via docformatter
uritemplate==4.1.1
    # via goob-ai
    # via google-api-python-client
uritools==4.0.3
    # via goob-ai
url-normalize==1.4.3
    # via requests-cache
urllib3==2.2.1
    # via botocore
    # via kubernetes
    # via pinecone-client
    # via requests
    # via requests-cache
    # via sentry-sdk
uvicorn==0.30.1
    # via chromadb
    # via fastapi
    # via goob-ai
    # via sse-starlette
uvloop==0.19.0
    # via uvicorn
validate-pyproject==0.18
validate-pyproject-schema-store==2024.6.3
    # via validate-pyproject
validators==0.28.3
    # via goob-ai
virtualenv==20.26.2
    # via pre-commit
wandb==0.17.1
    # via simpletransformers
watchdog==4.0.1
    # via goob-ai
watchfiles==0.22.0
    # via uvicorn
wcwidth==0.2.13
    # via blessed
    # via prettytable
    # via prompt-toolkit
weasyprint==62.2
    # via md2pdf
webcolors==1.13
    # via goob-ai
webencodings==0.5.1
    # via cssselect2
    # via html5lib
    # via tinycss2
websocket-client==1.8.0
    # via kubernetes
websockets==12.0
    # via goob-ai
    # via uvicorn
werkzeug==3.0.3
    # via gutter
    # via tensorboard
wheel==0.43.0
    # via pyproject-toml
wheel-filename==1.4.1
    # via pypi-command-line
wikipedia==1.4.0
    # via goob-ai
wrapt==1.16.0
    # via deprecated
    # via opentelemetry-instrumentation
xxhash==3.4.1
    # via datasets
yarl==1.9.4
    # via aiohttp
yfinance==0.2.40
    # via goob-ai
youtube-search==2.1.2
    # via goob-ai
zipp==3.19.2
    # via importlib-metadata
zopfli==0.2.3
    # via fonttools
